<?xml version="1.0" encoding="utf-8"?>
<Project ToolsVersion="4.0" xmlns="http://schemas.microsoft.com/developer/msbuild/2003">
  <ItemGroup>
    <Filter Include="源文件">
      <UniqueIdentifier>{4FC737F1-C7A5-4376-A066-2A32D752A2FF}</UniqueIdentifier>
      <Extensions>cpp;c;cc;cxx;def;odl;idl;hpj;bat;asm;asmx</Extensions>
    </Filter>
    <Filter Include="头文件">
      <UniqueIdentifier>{93995380-89BD-4b04-88EB-625FBE52EBFB}</UniqueIdentifier>
      <Extensions>h;hh;hpp;hxx;hm;inl;inc;ipp;xsd</Extensions>
    </Filter>
    <Filter Include="资源文件">
      <UniqueIdentifier>{67DA6AB6-F800-4c08-8B7A-83BB121AAD01}</UniqueIdentifier>
      <Extensions>rc;ico;cur;bmp;dlg;rc2;rct;bin;rgs;gif;jpg;jpeg;jpe;resx;tiff;tif;png;wav;mfcribbon-ms</Extensions>
    </Filter>
    <Filter Include="C++ elementary knowledge">
      <UniqueIdentifier>{c4441423-2651-4896-a647-fa93eb20c412}</UniqueIdentifier>
    </Filter>
    <Filter Include="C++ Standard Library">
      <UniqueIdentifier>{420a845f-561f-4df9-804d-bdbdec4863c6}</UniqueIdentifier>
    </Filter>
    <Filter Include="C++ Standard Library\IO Library">
      <UniqueIdentifier>{3def228c-e4fb-47cb-a9b4-a26bb460091a}</UniqueIdentifier>
    </Filter>
    <Filter Include="C++ Standard Library\STL">
      <UniqueIdentifier>{6ebe955c-8bb0-43bb-82c9-ecf1a63125de}</UniqueIdentifier>
    </Filter>
    <Filter Include="C++ Standard Library\Generic Algorithm">
      <UniqueIdentifier>{8b2e41cc-4b64-45e9-829e-e26e2341d639}</UniqueIdentifier>
    </Filter>
    <Filter Include="C++ Standard Library\Associative Container">
      <UniqueIdentifier>{d1675ab5-1a22-4a86-84c6-6a64c93faed8}</UniqueIdentifier>
    </Filter>
  </ItemGroup>
  <ItemGroup>
    <ClInclude Include="pch.h">
      <Filter>头文件</Filter>
    </ClInclude>
    <ClInclude Include="CommonDef.h">
      <Filter>C++ elementary knowledge</Filter>
    </ClInclude>
    <ClInclude Include="integral_type.h">
      <Filter>C++ elementary knowledge</Filter>
    </ClInclude>
    <ClInclude Include="variable.h">
      <Filter>C++ elementary knowledge</Filter>
    </ClInclude>
    <ClInclude Include="C++_KeyWord.h">
      <Filter>C++ elementary knowledge</Filter>
    </ClInclude>
    <ClInclude Include="initialize_by_type.h">
      <Filter>C++ elementary knowledge</Filter>
    </ClInclude>
    <ClInclude Include="C++_std.h">
      <Filter>C++ elementary knowledge</Filter>
    </ClInclude>
    <ClInclude Include="Cast.h">
      <Filter>C++ elementary knowledge</Filter>
    </ClInclude>
    <ClInclude Include="operator_precedence.h">
      <Filter>C++ elementary knowledge</Filter>
    </ClInclude>
    <ClInclude Include="C++_Exception.h">
      <Filter>C++ elementary knowledge</Filter>
    </ClInclude>
    <ClInclude Include="Function.h">
      <Filter>C++ elementary knowledge</Filter>
    </ClInclude>
    <ClInclude Include="Class.h">
      <Filter>C++ elementary knowledge</Filter>
    </ClInclude>
    <ClInclude Include="IO_Class.h">
      <Filter>C++ Standard Library\IO Library</Filter>
    </ClInclude>
    <ClInclude Include="Sequential_Container.h">
      <Filter>C++ Standard Library\STL</Filter>
    </ClInclude>
    <ClInclude Include="Generic_Algorithm.h">
      <Filter>C++ Standard Library\Generic Algorithm</Filter>
    </ClInclude>
    <ClInclude Include="Associative-container.h">
      <Filter>C++ Standard Library\Associative Container</Filter>
    </ClInclude>
  </ItemGroup>
  <ItemGroup>
    <ClCompile Include="pch.cpp">
      <Filter>源文件</Filter>
    </ClCompile>
    <ClCompile Include="C++_Primer.cpp">
      <Filter>源文件</Filter>
    </ClCompile>
  </ItemGroup>
</Project>