<?xml version="1.0" encoding="utf-8"?>
<Project ToolsVersion="4.0" xmlns="http://schemas.microsoft.com/developer/msbuild/2003">
  <ItemGroup>
    <Filter Include="源文件">
      <UniqueIdentifier>{4FC737F1-C7A5-4376-A066-2A32D752A2FF}</UniqueIdentifier>
      <Extensions>cpp;c;cc;cxx;c++;cppm;ixx;def;odl;idl;hpj;bat;asm;asmx</Extensions>
    </Filter>
    <Filter Include="头文件">
      <UniqueIdentifier>{93995380-89BD-4b04-88EB-625FBE52EBFB}</UniqueIdentifier>
      <Extensions>h;hh;hpp;hxx;h++;hm;inl;inc;ipp;xsd</Extensions>
    </Filter>
    <Filter Include="资源文件">
      <UniqueIdentifier>{67DA6AB6-F800-4c08-8B7A-83BB121AAD01}</UniqueIdentifier>
      <Extensions>rc;ico;cur;bmp;dlg;rc2;rct;bin;rgs;gif;jpg;jpeg;jpe;resx;tiff;tif;png;wav;mfcribbon-ms</Extensions>
    </Filter>
    <Filter Include="HY_Singleton">
      <UniqueIdentifier>{0f82f525-a1be-4281-8eea-88160482af88}</UniqueIdentifier>
    </Filter>
    <Filter Include="HY_ThreadLocker">
      <UniqueIdentifier>{5b788504-129c-49f5-b2ac-e300ef5e0b22}</UniqueIdentifier>
    </Filter>
    <Filter Include="HY_Command">
      <UniqueIdentifier>{d9a9b4fd-9e47-40ab-a65b-77d28ced753d}</UniqueIdentifier>
    </Filter>
    <Filter Include="HY_Proxy">
      <UniqueIdentifier>{df1b5bcb-8459-4c0e-8a48-38653c7a59b5}</UniqueIdentifier>
    </Filter>
    <Filter Include="HY_State">
      <UniqueIdentifier>{11bd76c3-b3a6-4b19-9543-2baa4352bb92}</UniqueIdentifier>
    </Filter>
    <Filter Include="HY_Adapter">
      <UniqueIdentifier>{ec010676-4f35-42ec-b106-e6c822690121}</UniqueIdentifier>
    </Filter>
    <Filter Include="HY_Template_Method">
      <UniqueIdentifier>{0228b5f3-c127-42e8-ac9c-2b19687e0e34}</UniqueIdentifier>
    </Filter>
    <Filter Include="HY_Strategy">
      <UniqueIdentifier>{7d0375d7-3a51-41e3-bada-4bd88bcc69db}</UniqueIdentifier>
    </Filter>
    <Filter Include="HY_ChainOfReponsibility">
      <UniqueIdentifier>{f0520fa5-cb66-42e3-a83e-693411facad6}</UniqueIdentifier>
    </Filter>
  </ItemGroup>
  <ItemGroup>
    <ClCompile Include="HY_main.cpp">
      <Filter>源文件</Filter>
    </ClCompile>
    <ClCompile Include="CHYSingleton.cpp">
      <Filter>HY_Singleton</Filter>
    </ClCompile>
    <ClCompile Include="CHYThreadLocker.cpp">
      <Filter>HY_ThreadLocker</Filter>
    </ClCompile>
    <ClCompile Include="CHYComman.cpp">
      <Filter>HY_Command</Filter>
    </ClCompile>
    <ClCompile Include="CHYProxy.cpp">
      <Filter>HY_Proxy</Filter>
    </ClCompile>
    <ClCompile Include="CHYState.cpp">
      <Filter>HY_State</Filter>
    </ClCompile>
    <ClCompile Include="CHYAdapter.cpp">
      <Filter>HY_Adapter</Filter>
    </ClCompile>
    <ClCompile Include="CHYTemplateMethod.cpp">
      <Filter>HY_Template_Method</Filter>
    </ClCompile>
    <ClCompile Include="CHYStrategy.cpp">
      <Filter>HY_Strategy</Filter>
    </ClCompile>
    <ClCompile Include="CHYChainOfReponsibility.cpp">
      <Filter>HY_ChainOfReponsibility</Filter>
    </ClCompile>
  </ItemGroup>
  <ItemGroup>
    <ClInclude Include="CHYSingleton.h">
      <Filter>HY_Singleton</Filter>
    </ClInclude>
    <ClInclude Include="CHYThreadLocker.h">
      <Filter>HY_ThreadLocker</Filter>
    </ClInclude>
    <ClInclude Include="CHYComman.h">
      <Filter>HY_Command</Filter>
    </ClInclude>
    <ClInclude Include="CHYProxy.h">
      <Filter>HY_Proxy</Filter>
    </ClInclude>
    <ClInclude Include="CHYState.h">
      <Filter>HY_State</Filter>
    </ClInclude>
    <ClInclude Include="CHYAdapter.h">
      <Filter>HY_Adapter</Filter>
    </ClInclude>
    <ClInclude Include="CHYTemplateMethod.h">
      <Filter>HY_Template_Method</Filter>
    </ClInclude>
    <ClInclude Include="CHYStrategy.h">
      <Filter>HY_Strategy</Filter>
    </ClInclude>
    <ClInclude Include="CHYChainOfReponsibility.h">
      <Filter>HY_ChainOfReponsibility</Filter>
    </ClInclude>
  </ItemGroup>
</Project>